
Microsoft Visual Studio Solution File, Format Version 12.00
# Visual Studio Version 17
VisualStudioVersion = 17.0.31903.59
MinimumVisualStudioVersion = 10.0.40219.1
Project("{FAE04EC0-301F-11D3-BF4B-00C04F79EFBC}") = "OnlineOrder.Domain", "OnlineOrder.Domain\OnlineOrder.Domain.csproj", "{462A7C1C-294D-47C3-8A83-0A26FCC89322}"
EndProject
Project("{FAE04EC0-301F-11D3-BF4B-00C04F79EFBC}") = "OnlineOrder.Domain.Tests", "OnlineOrder.Domain.Tests\OnlineOrder.Domain.Tests.csproj", "{BC426093-853A-48AA-B675-CB7C8E60AA4D}"
EndProject
Project("{FAE04EC0-301F-11D3-BF4B-00C04F79EFBC}") = "OnlineOrder.Infrastructure", "OnlineOrder.Infrastructure\OnlineOrder.Infrastructure.csproj", "{E1FF9850-DB0C-4D72-BA9A-01CC4AD6D537}"
EndProject
Project("{FAE04EC0-301F-11D3-BF4B-00C04F79EFBC}") = "ConsoleDbTesting", "ConsoleApp1\ConsoleDbTesting.csproj", "{404B0257-6466-44BD-9DA8-A65FF4B90F9A}"
EndProject
Global
	GlobalSection(SolutionConfigurationPlatforms) = preSolution
		Debug|Any CPU = Debug|Any CPU
		Release|Any CPU = Release|Any CPU
	EndGlobalSection
	GlobalSection(ProjectConfigurationPlatforms) = postSolution
		{462A7C1C-294D-47C3-8A83-0A26FCC89322}.Debug|Any CPU.ActiveCfg = Debug|Any CPU
		{462A7C1C-294D-47C3-8A83-0A26FCC89322}.Debug|Any CPU.Build.0 = Debug|Any CPU
		{462A7C1C-294D-47C3-8A83-0A26FCC89322}.Release|Any CPU.ActiveCfg = Release|Any CPU
		{462A7C1C-294D-47C3-8A83-0A26FCC89322}.Release|Any CPU.Build.0 = Release|Any CPU
		{BC426093-853A-48AA-B675-CB7C8E60AA4D}.Debug|Any CPU.ActiveCfg = Debug|Any CPU
		{BC426093-853A-48AA-B675-CB7C8E60AA4D}.Debug|Any CPU.Build.0 = Debug|Any CPU
		{BC426093-853A-48AA-B675-CB7C8E60AA4D}.Release|Any CPU.ActiveCfg = Release|Any CPU
		{BC426093-853A-48AA-B675-CB7C8E60AA4D}.Release|Any CPU.Build.0 = Release|Any CPU
		{E1FF9850-DB0C-4D72-BA9A-01CC4AD6D537}.Debug|Any CPU.ActiveCfg = Debug|Any CPU
		{E1FF9850-DB0C-4D72-BA9A-01CC4AD6D537}.Debug|Any CPU.Build.0 = Debug|Any CPU
		{E1FF9850-DB0C-4D72-BA9A-01CC4AD6D537}.Release|Any CPU.ActiveCfg = Release|Any CPU
		{E1FF9850-DB0C-4D72-BA9A-01CC4AD6D537}.Release|Any CPU.Build.0 = Release|Any CPU
		{404B0257-6466-44BD-9DA8-A65FF4B90F9A}.Debug|Any CPU.ActiveCfg = Debug|Any CPU
		{404B0257-6466-44BD-9DA8-A65FF4B90F9A}.Debug|Any CPU.Build.0 = Debug|Any CPU
		{404B0257-6466-44BD-9DA8-A65FF4B90F9A}.Release|Any CPU.ActiveCfg = Release|Any CPU
		{404B0257-6466-44BD-9DA8-A65FF4B90F9A}.Release|Any CPU.Build.0 = Release|Any CPU
	EndGlobalSection
	GlobalSection(SolutionProperties) = preSolution
		HideSolutionNode = FALSE
	EndGlobalSection
	GlobalSection(ExtensibilityGlobals) = postSolution
		SolutionGuid = {AEE7480B-63BD-4CEC-88DD-73D4A81296BE}
	EndGlobalSection
EndGlobal
